
Microsoft Visual Studio Solution File, Format Version 12.00
# Visual Studio Version 16
VisualStudioVersion = 16.0.29025.244
MinimumVisualStudioVersion = 10.0.40219.1
Project("{FAE04EC0-301F-11D3-BF4B-00C04F79EFBC}") = "ImportAndValidationTool", "ImportAndValidationTool.csproj", "{46894F9B-E4E1-4607-831C-D0482486F853}"
EndProject
Global
	GlobalSection(SolutionConfigurationPlatforms) = preSolution
		Debug|Any CPU = Debug|Any CPU
		Release|Any CPU = Release|Any CPU
	EndGlobalSection
	GlobalSection(ProjectConfigurationPlatforms) = postSolution
		{46894F9B-E4E1-4607-831C-D0482486F853}.Debug|Any CPU.ActiveCfg = Debug|Any CPU
		{46894F9B-E4E1-4607-831C-D0482486F853}.Debug|Any CPU.Build.0 = Debug|Any CPU
		{46894F9B-E4E1-4607-831C-D0482486F853}.Release|Any CPU.ActiveCfg = Release|Any CPU
		{46894F9B-E4E1-4607-831C-D0482486F853}.Release|Any CPU.Build.0 = Release|Any CPU
	EndGlobalSection
	GlobalSection(SolutionProperties) = preSolution
		HideSolutionNode = FALSE
	EndGlobalSection
	GlobalSection(ExtensibilityGlobals) = postSolution
		SolutionGuid = {7DAF724F-40A3-4E19-8AF6-6C1CDAFD5D3E}
	EndGlobalSection
EndGlobal
